
Microsoft Visual Studio Solution File, Format Version 12.00
# Visual Studio Version 17
VisualStudioVersion = 17.3.32922.545
MinimumVisualStudioVersion = 10.0.40219.1
Project("{FAE04EC0-301F-11D3-BF4B-00C04F79EFBC}") = "StringCalculator", "StringCalculator\StringCalculator.csproj", "{BE3DE1E9-4233-4316-9C99-A8C119E1191C}"
EndProject
Project("{FAE04EC0-301F-11D3-BF4B-00C04F79EFBC}") = "StringCalculatorTest", "StringCalculatorTest\StringCalculatorTest.csproj", "{AA03F37E-1FB1-4881-B805-9DCEB89C0FA9}"
EndProject
Global
	GlobalSection(SolutionConfigurationPlatforms) = preSolution
		Debug|Any CPU = Debug|Any CPU
		Release|Any CPU = Release|Any CPU
	EndGlobalSection
	GlobalSection(ProjectConfigurationPlatforms) = postSolution
		{BE3DE1E9-4233-4316-9C99-A8C119E1191C}.Debug|Any CPU.ActiveCfg = Debug|Any CPU
		{BE3DE1E9-4233-4316-9C99-A8C119E1191C}.Debug|Any CPU.Build.0 = Debug|Any CPU
		{BE3DE1E9-4233-4316-9C99-A8C119E1191C}.Release|Any CPU.ActiveCfg = Release|Any CPU
		{BE3DE1E9-4233-4316-9C99-A8C119E1191C}.Release|Any CPU.Build.0 = Release|Any CPU
		{AA03F37E-1FB1-4881-B805-9DCEB89C0FA9}.Debug|Any CPU.ActiveCfg = Debug|Any CPU
		{AA03F37E-1FB1-4881-B805-9DCEB89C0FA9}.Debug|Any CPU.Build.0 = Debug|Any CPU
		{AA03F37E-1FB1-4881-B805-9DCEB89C0FA9}.Release|Any CPU.ActiveCfg = Release|Any CPU
		{AA03F37E-1FB1-4881-B805-9DCEB89C0FA9}.Release|Any CPU.Build.0 = Release|Any CPU
	EndGlobalSection
	GlobalSection(SolutionProperties) = preSolution
		HideSolutionNode = FALSE
	EndGlobalSection
	GlobalSection(ExtensibilityGlobals) = postSolution
		SolutionGuid = {B758F01B-DB4B-4145-ADB4-AC5054B6C62C}
	EndGlobalSection
EndGlobal
